
Microsoft Visual Studio Solution File, Format Version 12.00
# Visual Studio Version 17
VisualStudioVersion = 17.5.002.0
MinimumVisualStudioVersion = 10.0.40219.1
Project("{9A19103F-16F7-4668-BE54-9A1E7A4F7556}") = "learningapp", "learningapp.csproj", "{D960963B-0BAB-4D6C-8283-9D6129CE7C29}"
EndProject
Global
	GlobalSection(SolutionConfigurationPlatforms) = preSolution
		Debug|Any CPU = Debug|Any CPU
		Release|Any CPU = Release|Any CPU
	EndGlobalSection
	GlobalSection(ProjectConfigurationPlatforms) = postSolution
		{D960963B-0BAB-4D6C-8283-9D6129CE7C29}.Debug|Any CPU.ActiveCfg = Debug|Any CPU
		{D960963B-0BAB-4D6C-8283-9D6129CE7C29}.Debug|Any CPU.Build.0 = Debug|Any CPU
		{D960963B-0BAB-4D6C-8283-9D6129CE7C29}.Release|Any CPU.ActiveCfg = Release|Any CPU
		{D960963B-0BAB-4D6C-8283-9D6129CE7C29}.Release|Any CPU.Build.0 = Release|Any CPU
	EndGlobalSection
	GlobalSection(SolutionProperties) = preSolution
		HideSolutionNode = FALSE
	EndGlobalSection
	GlobalSection(ExtensibilityGlobals) = postSolution
		SolutionGuid = {D7D34728-7834-4BCD-84BC-12D0C7C7B9D2}
	EndGlobalSection
EndGlobal
